
Microsoft Visual Studio Solution File, Format Version 12.00
# Visual Studio 15
VisualStudioVersion = 15.0.27703.2018
MinimumVisualStudioVersion = 10.0.40219.1
Project("{9A19103F-16F7-4668-BE54-9A1E7A4F7556}") = "Atomix.Client.Core", "Atomix.Client.Core\Atomix.Client.Core\Atomix.Client.Core.csproj", "{FE561137-2416-42F2-88AF-86CBD578F6F0}"
EndProject
Project("{FAE04EC0-301F-11D3-BF4B-00C04F79EFBC}") = "Atomix.Client.Wpf", "Atomix.Client.Wpf\Atomix.Client.Wpf.csproj", "{A2B4DC4C-E075-4A08-89A8-96E2FC38C747}"
EndProject
Project("{FAE04EC0-301F-11D3-BF4B-00C04F79EFBC}") = "Atomix.Client.Wpf.Tests", "Atomix.Client.Wpf.Tests\Atomix.Client.Wpf.Tests.csproj", "{9C5E4889-B5EA-418A-B1B9-936BC1304504}"
EndProject
Global
	GlobalSection(SolutionConfigurationPlatforms) = preSolution
		Debug|Any CPU = Debug|Any CPU
		Debug|x64 = Debug|x64
		Debug|x86 = Debug|x86
		Release|Any CPU = Release|Any CPU
		Release|x64 = Release|x64
		Release|x86 = Release|x86
	EndGlobalSection
	GlobalSection(ProjectConfigurationPlatforms) = postSolution
		{FE561137-2416-42F2-88AF-86CBD578F6F0}.Debug|Any CPU.ActiveCfg = Debug|Any CPU
		{FE561137-2416-42F2-88AF-86CBD578F6F0}.Debug|Any CPU.Build.0 = Debug|Any CPU
		{FE561137-2416-42F2-88AF-86CBD578F6F0}.Debug|x64.ActiveCfg = Debug|Any CPU
		{FE561137-2416-42F2-88AF-86CBD578F6F0}.Debug|x64.Build.0 = Debug|Any CPU
		{FE561137-2416-42F2-88AF-86CBD578F6F0}.Debug|x86.ActiveCfg = Debug|Any CPU
		{FE561137-2416-42F2-88AF-86CBD578F6F0}.Debug|x86.Build.0 = Debug|Any CPU
		{FE561137-2416-42F2-88AF-86CBD578F6F0}.Release|Any CPU.ActiveCfg = Release|Any CPU
		{FE561137-2416-42F2-88AF-86CBD578F6F0}.Release|Any CPU.Build.0 = Release|Any CPU
		{FE561137-2416-42F2-88AF-86CBD578F6F0}.Release|x64.ActiveCfg = Release|Any CPU
		{FE561137-2416-42F2-88AF-86CBD578F6F0}.Release|x64.Build.0 = Release|Any CPU
		{FE561137-2416-42F2-88AF-86CBD578F6F0}.Release|x86.ActiveCfg = Release|Any CPU
		{FE561137-2416-42F2-88AF-86CBD578F6F0}.Release|x86.Build.0 = Release|Any CPU
		{A2B4DC4C-E075-4A08-89A8-96E2FC38C747}.Debug|Any CPU.ActiveCfg = Debug|Any CPU
		{A2B4DC4C-E075-4A08-89A8-96E2FC38C747}.Debug|Any CPU.Build.0 = Debug|Any CPU
		{A2B4DC4C-E075-4A08-89A8-96E2FC38C747}.Debug|x64.ActiveCfg = Debug|Any CPU
		{A2B4DC4C-E075-4A08-89A8-96E2FC38C747}.Debug|x64.Build.0 = Debug|Any CPU
		{A2B4DC4C-E075-4A08-89A8-96E2FC38C747}.Debug|x86.ActiveCfg = Debug|Any CPU
		{A2B4DC4C-E075-4A08-89A8-96E2FC38C747}.Debug|x86.Build.0 = Debug|Any CPU
		{A2B4DC4C-E075-4A08-89A8-96E2FC38C747}.Release|Any CPU.ActiveCfg = Release|Any CPU
		{A2B4DC4C-E075-4A08-89A8-96E2FC38C747}.Release|Any CPU.Build.0 = Release|Any CPU
		{A2B4DC4C-E075-4A08-89A8-96E2FC38C747}.Release|x64.ActiveCfg = Release|Any CPU
		{A2B4DC4C-E075-4A08-89A8-96E2FC38C747}.Release|x64.Build.0 = Release|Any CPU
		{A2B4DC4C-E075-4A08-89A8-96E2FC38C747}.Release|x86.ActiveCfg = Release|Any CPU
		{A2B4DC4C-E075-4A08-89A8-96E2FC38C747}.Release|x86.Build.0 = Release|Any CPU
		{9C5E4889-B5EA-418A-B1B9-936BC1304504}.Debug|Any CPU.ActiveCfg = Debug|Any CPU
		{9C5E4889-B5EA-418A-B1B9-936BC1304504}.Debug|Any CPU.Build.0 = Debug|Any CPU
		{9C5E4889-B5EA-418A-B1B9-936BC1304504}.Debug|x64.ActiveCfg = Debug|Any CPU
		{9C5E4889-B5EA-418A-B1B9-936BC1304504}.Debug|x64.Build.0 = Debug|Any CPU
		{9C5E4889-B5EA-418A-B1B9-936BC1304504}.Debug|x86.ActiveCfg = Debug|Any CPU
		{9C5E4889-B5EA-418A-B1B9-936BC1304504}.Debug|x86.Build.0 = Debug|Any CPU
		{9C5E4889-B5EA-418A-B1B9-936BC1304504}.Release|Any CPU.ActiveCfg = Release|Any CPU
		{9C5E4889-B5EA-418A-B1B9-936BC1304504}.Release|Any CPU.Build.0 = Release|Any CPU
		{9C5E4889-B5EA-418A-B1B9-936BC1304504}.Release|x64.ActiveCfg = Release|Any CPU
		{9C5E4889-B5EA-418A-B1B9-936BC1304504}.Release|x64.Build.0 = Release|Any CPU
		{9C5E4889-B5EA-418A-B1B9-936BC1304504}.Release|x86.ActiveCfg = Release|Any CPU
		{9C5E4889-B5EA-418A-B1B9-936BC1304504}.Release|x86.Build.0 = Release|Any CPU
	EndGlobalSection
	GlobalSection(SolutionProperties) = preSolution
		HideSolutionNode = FALSE
	EndGlobalSection
	GlobalSection(ExtensibilityGlobals) = postSolution
		SolutionGuid = {45F5886F-E0A7-4545-BF95-7BD2B210507C}
	EndGlobalSection
EndGlobal
